lockfileVersion: '9.0'

settings:
  autoInstallPeers: true
  excludeLinksFromLockfile: false

importers:

  .:
    dependencies:
      dotenv:
        specifier: ^16.4.7
        version: 16.6.1
    optionalDependencies:
      '@img/sharp-libvips-linux-x64':
        specifier: 1.2.4
        version: 1.2.4
      '@img/sharp-linux-x64':
        specifier: 0.34.5
        version: 0.34.5
      '@msgpackr-extract/msgpackr-extract-linux-x64':
        specifier: 3.0.3
        version: 3.0.3
      '@next/swc-linux-x64-gnu':
        specifier: 16.2.1
        version: 16.2.1
      '@rollup/rollup-linux-x64-gnu':
        specifier: ^4.60.1
        version: 4.60.2
      '@tailwindcss/oxide-linux-x64-gnu':
        specifier: 4.2.1
        version: 4.2.1
      '@unrs/resolver-binding-linux-x64-gnu':
        specifier: 1.11.1
        version: 1.11.1
      lightningcss-linux-x64-gnu:
        specifier: 1.31.1
        version: 1.31.1

packages:

  '@img/sharp-libvips-linux-x64@1.2.4':
    resolution: {integrity: sha512-tJxiiLsmHc9Ax1bz3oaOYBURTXGIRDODBqhveVHonrHJ9/+k89qbLl0bcJns+e4t4rvaNBxaEZsFtSfAdquPrw==}
    cpu: [x64]
    os: [linux]

  '@img/sharp-linux-x64@0.34.5':
    resolution: {integrity: sha512-MEzd8HPKxVxVenwAa+JRPwEC7QFjoPWuS5NZnBt6B3pu7EG2Ge0id1oLHZpPJdn3OQK+BQDiw9zStiHBTJQQQQ==}
    engines: {node: ^18.17.0 || ^20.3.0 || >=21.0.0}
    cpu: [x64]
    os: [linux]

  '@msgpackr-extract/msgpackr-extract-linux-x64@3.0.3':
    resolution: {integrity: sha512-cvwNfbP07pKUfq1uH+S6KJ7dT9K8WOE4ZiAcsrSes+UY55E/0jLYc+vq+DO7jlmqRb5zAggExKm0H7O/CBaesg==}
    cpu: [x64]
    os: [linux]

  '@next/swc-linux-x64-gnu@16.2.1':
    resolution: {integrity: sha512-HQm7SrHRELJ30T1TSmT706IWovFFSRGxfgUkyWJZF/RKBMdbdRWJuFrcpDdE5vy9UXjFOx6L3mRdqH04Mmx0hg==}
    engines: {node: '>= 10'}
    cpu: [x64]
    os: [linux]

  '@rollup/rollup-linux-x64-gnu@4.60.2':
    resolution: {integrity: sha512-UQjrkIdWrKI626Du8lCQ6MJp/6V1LAo2bOK9OTu4mSn8GGXIkPXk/Vsp4bLHCd9Z9Iz2OTEaokUE90VweJgIYQ==}
    cpu: [x64]
    os: [linux]

  '@tailwindcss/oxide-linux-x64-gnu@4.2.1':
    resolution: {integrity: sha512-qMFzxI2YlBOLW5PhblzuSWlWfwLHaneBE0xHzLrBgNtqN6mWfs+qYbhryGSXQjFYB1Dzf5w+LN5qbUTPhW7Y5g==}
    engines: {node: '>= 20'}
    cpu: [x64]
    os: [linux]

  '@unrs/resolver-binding-linux-x64-gnu@1.11.1':
    resolution: {integrity: sha512-C3ZAHugKgovV5YvAMsxhq0gtXuwESUKc5MhEtjBpLoHPLYM+iuwSj3lflFwK3DPm68660rZ7G8BMcwSro7hD5w==}
    cpu: [x64]
    os: [linux]

  dotenv@16.6.1:
    resolution: {integrity: sha512-uBq4egWHTcTt33a72vpSG0z3HnPuIl6NqYcTrKEg2azoEyl2hpW0zqlxysq2pK9HlDIHyHyakeYaYnSAwd8bow==}
    engines: {node: '>=12'}

  lightningcss-linux-x64-gnu@1.31.1:
    resolution: {integrity: sha512-xGlFWRMl+0KvUhgySdIaReQdB4FNudfUTARn7q0hh/V67PVGCs3ADFjw+6++kG1RNd0zdGRlEKa+T13/tQjPMA==}
    engines: {node: '>= 12.0.0'}
    cpu: [x64]
    os: [linux]

snapshots:

  '@img/sharp-libvips-linux-x64@1.2.4':
    optional: true

  '@img/sharp-linux-x64@0.34.5':
    optionalDependencies:
      '@img/sharp-libvips-linux-x64': 1.2.4
    optional: true

  '@msgpackr-extract/msgpackr-extract-linux-x64@3.0.3':
    optional: true

  '@next/swc-linux-x64-gnu@16.2.1':
    optional: true

  '@rollup/rollup-linux-x64-gnu@4.60.2':
    optional: true

  '@tailwindcss/oxide-linux-x64-gnu@4.2.1':
    optional: true

  '@unrs/resolver-binding-linux-x64-gnu@1.11.1':
    optional: true

  dotenv@16.6.1: {}

  lightningcss-linux-x64-gnu@1.31.1:
    optional: true
